{
  "name": "typescript",
  "version": "1.0.0",
  "lockfileVersion": 1,
  "requires": true,
  "dependencies": {
    "ctrip-apollo-client": {
      "version": "file:../..",
      "requires": {
        "axios": "^0.19.2",
        "bluebird": "^3.7.2",
        "get-value": "^3.0.2",
        "internal-ip": "^6.0.0",
        "set-value": "^3.0.2"
      }
    }
  }
}
